// !$*UTF8*$!
{
	archiveVersion = 1;
	classes = {
	};
	objectVersion = 54;
	objects = {

/* Begin PBXBuildFile section */
		00E356F31AD99517003FC87E /* DasItTests.m in Sources */ = {isa = PBXBuildFile; fileRef = 00E356F21AD99517003FC87E /* DasItTests.m */; };
		13B07FBC1A68108700A75B9A /* AppDelegate.m in Sources */ = {isa = PBXBuildFile; fileRef = 13B07FB01A68108700A75B9A /* AppDelegate.m */; };
		13B07FBF1A68108700A75B9A /* Images.xcassets in Resources */ = {isa = PBXBuildFile; fileRef = 13B07FB51A68108700A75B9A /* Images.xcassets */; };
		13B07FC11A68108700A75B9A /* main.m in Sources */ = {isa = PBXBuildFile; fileRef = 13B07FB71A68108700A75B9A /* main.m */; };
		21EC270C06F6CAA67D309F39 /* libPods-DasIt.a in Frameworks */ = {isa = PBXBuildFile; fileRef = D878E192EFF0F1CC59D17F40 /* libPods-DasIt.a */; };
		2ECC3F1F5485464AB8CA9F25 /* Roboto-LightItalic.ttf in Resources */ = {isa = PBXBuildFile; fileRef = F5F371116C9D4C8BAB022927 /* Roboto-LightItalic.ttf */; };
		3CC9646AC83949EE81F8A01E /* FrankRuhlLibre-VariableFont_wght.ttf in Resources */ = {isa = PBXBuildFile; fileRef = 099942C4451C410286E8633B /* FrankRuhlLibre-VariableFont_wght.ttf */; };
		639F3598022E4C448A0B28EA /* Roboto-BoldItalic.ttf in Resources */ = {isa = PBXBuildFile; fileRef = CF0DC1D1A93F4B4196D2F5DB /* Roboto-BoldItalic.ttf */; };
		6446FD4C389E450EB3DB4FE7 /* Roboto-ThinItalic.ttf in Resources */ = {isa = PBXBuildFile; fileRef = E625066CD73441CDB41EFE99 /* Roboto-ThinItalic.ttf */; };
		6B01F0E60711425CBE1AF632 /* Roboto-Light.ttf in Resources */ = {isa = PBXBuildFile; fileRef = 0DF8F5B56D4043BA8852F310 /* Roboto-Light.ttf */; };
		7B588F713E9C431F869E50EA /* Roboto-BlackItalic.ttf in Resources */ = {isa = PBXBuildFile; fileRef = 88CFAEB9BCF74D4D950EA6C2 /* Roboto-BlackItalic.ttf */; };
		81AB9BB82411601600AC10FF /* LaunchScreen.storyboard in Resources */ = {isa = PBXBuildFile; fileRef = 81AB9BB72411601600AC10FF /* LaunchScreen.storyboard */; };
		8B9A9FC40DED4B6E8F6583D1 /* Roboto-Thin.ttf in Resources */ = {isa = PBXBuildFile; fileRef = EBFDF054E0EA4F1482B71225 /* Roboto-Thin.ttf */; };
		BC141BE351724E09A0470D9C /* Roboto-Regular.ttf in Resources */ = {isa = PBXBuildFile; fileRef = E134E45278A94FA288F749C1 /* Roboto-Regular.ttf */; };
		CD151C51C4F74B3B9B88FEA3 /* Roboto-MediumItalic.ttf in Resources */ = {isa = PBXBuildFile; fileRef = 44569F7391394755BFF8249A /* Roboto-MediumItalic.ttf */; };
		CF91E27FAEA1496E8D6A3DC9 /* Roboto-Italic.ttf in Resources */ = {isa = PBXBuildFile; fileRef = 439339C036AD476CB9F32238 /* Roboto-Italic.ttf */; };
		CFAF0F4233A740D5B334E570 /* Roboto-Medium.ttf in Resources */ = {isa = PBXBuildFile; fileRef = AE752B5AFDF44D978153253C /* Roboto-Medium.ttf */; };
		E43A3CB5003D4F08BED136C8 /* Roboto-Bold.ttf in Resources */ = {isa = PBXBuildFile; fileRef = 9A07D4C8AD8F4E6FB46105E2 /* Roboto-Bold.ttf */; };
		E5115E743DBC41409C0DE5A6 /* Roboto-Black.ttf in Resources */ = {isa = PBXBuildFile; fileRef = F55C843FDB56475095FA5A84 /* Roboto-Black.ttf */; };
		EA206EC12A5FA95A0083E2C8 /* Fontisto.ttf in Resources */ = {isa = PBXBuildFile; fileRef = EA206EB12A5FA95A0083E2C8 /* Fontisto.ttf */; };
		EA206EC22A5FA95A0083E2C8 /* Octicons.ttf in Resources */ = {isa = PBXBuildFile; fileRef = EA206EB22A5FA95A0083E2C8 /* Octicons.ttf */; };
		EA206EC32A5FA95A0083E2C8 /* Feather.ttf in Resources */ = {isa = PBXBuildFile; fileRef = EA206EB32A5FA95A0083E2C8 /* Feather.ttf */; };
		EA206EC42A5FA95A0083E2C8 /* Entypo.ttf in Resources */ = {isa = PBXBuildFile; fileRef = EA206EB42A5FA95A0083E2C8 /* Entypo.ttf */; };
		EA206EC52A5FA95A0083E2C8 /* FontAwesome5_Brands.ttf in Resources */ = {isa = PBXBuildFile; fileRef = EA206EB52A5FA95A0083E2C8 /* FontAwesome5_Brands.ttf */; };
		EA206EC62A5FA95A0083E2C8 /* MaterialCommunityIcons.ttf in Resources */ = {isa = PBXBuildFile; fileRef = EA206EB62A5FA95A0083E2C8 /* MaterialCommunityIcons.ttf */; };
		EA206EC72A5FA95A0083E2C8 /* AntDesign.ttf in Resources */ = {isa = PBXBuildFile; fileRef = EA206EB72A5FA95A0083E2C8 /* AntDesign.ttf */; };
		EA206EC82A5FA95A0083E2C8 /* Foundation.ttf in Resources */ = {isa = PBXBuildFile; fileRef = EA206EB82A5FA95A0083E2C8 /* Foundation.ttf */; };
		EA206EC92A5FA95A0083E2C8 /* Ionicons.ttf in Resources */ = {isa = PBXBuildFile; fileRef = EA206EB92A5FA95A0083E2C8 /* Ionicons.ttf */; };
		EA206ECA2A5FA95A0083E2C8 /* FontAwesome5_Solid.ttf in Resources */ = {isa = PBXBuildFile; fileRef = EA206EBA2A5FA95A0083E2C8 /* FontAwesome5_Solid.ttf */; };
		EA206ECB2A5FA95A0083E2C8 /* FontAwesome5_Regular.ttf in Resources */ = {isa = PBXBuildFile; fileRef = EA206EBB2A5FA95A0083E2C8 /* FontAwesome5_Regular.ttf */; };
		EA206ECC2A5FA95A0083E2C8 /* FontAwesome.ttf in Resources */ = {isa = PBXBuildFile; fileRef = EA206EBC2A5FA95A0083E2C8 /* FontAwesome.ttf */; };
		EA206ECD2A5FA95A0083E2C8 /* Zocial.ttf in Resources */ = {isa = PBXBuildFile; fileRef = EA206EBD2A5FA95A0083E2C8 /* Zocial.ttf */; };
		EA206ECE2A5FA95A0083E2C8 /* EvilIcons.ttf in Resources */ = {isa = PBXBuildFile; fileRef = EA206EBE2A5FA95A0083E2C8 /* EvilIcons.ttf */; };
		EA206ECF2A5FA95A0083E2C8 /* SimpleLineIcons.ttf in Resources */ = {isa = PBXBuildFile; fileRef = EA206EBF2A5FA95A0083E2C8 /* SimpleLineIcons.ttf */; };
		EA206ED02A5FA95A0083E2C8 /* MaterialIcons.ttf in Resources */ = {isa = PBXBuildFile; fileRef = EA206EC02A5FA95A0083E2C8 /* MaterialIcons.ttf */; };
		EEA3CB1F7CC662E86512D5FE /* libPods-DasIt-DasItTests.a in Frameworks */ = {isa = PBXBuildFile; fileRef = CD4AD403383D433341FCD9D4 /* libPods-DasIt-DasItTests.a */; };
/* End PBXBuildFile section */

/* Begin PBXContainerItemProxy section */
		00E356F41AD99517003FC87E /* PBXContainerItemProxy */ = {
			isa = PBXContainerItemProxy;
			containerPortal = 83CBB9F71A601CBA00E9B192 /* Project object */;
			proxyType = 1;
			remoteGlobalIDString = 13B07F861A680F5B00A75B9A;
			remoteInfo = DasIt;
		};
/* End PBXContainerItemProxy section */

/* Begin PBXFileReference section */
		00E356EE1AD99517003FC87E /* DasItTests.xctest */ = {isa = PBXFileReference; explicitFileType = wrapper.cfbundle; includeInIndex = 0; path = DasItTests.xctest; sourceTree = BUILT_PRODUCTS_DIR; };
		00E356F11AD99517003FC87E /* Info.plist */ = {isa = PBXFileReference; lastKnownFileType = text.plist.xml; path = Info.plist; sourceTree = "<group>"; };
		00E356F21AD99517003FC87E /* DasItTests.m */ = {isa = PBXFileReference; lastKnownFileType = sourcecode.c.objc; path = DasItTests.m; sourceTree = "<group>"; };
		099942C4451C410286E8633B /* FrankRuhlLibre-VariableFont_wght.ttf */ = {isa = PBXFileReference; explicitFileType = undefined; fileEncoding = undefined; includeInIndex = 0; lastKnownFileType = unknown; name = "FrankRuhlLibre-VariableFont_wght.ttf"; path = "../src/assets/fonts/FrankRuhlLibre-VariableFont_wght.ttf"; sourceTree = "<group>"; };
		0A61CD8D8154120893782215 /* Pods-DasIt.debug.xcconfig */ = {isa = PBXFileReference; includeInIndex = 1; lastKnownFileType = text.xcconfig; name = "Pods-DasIt.debug.xcconfig"; path = "Target Support Files/Pods-DasIt/Pods-DasIt.debug.xcconfig"; sourceTree = "<group>"; };
		0DF8F5B56D4043BA8852F310 /* Roboto-Light.ttf */ = {isa = PBXFileReference; explicitFileType = undefined; fileEncoding = undefined; includeInIndex = 0; lastKnownFileType = unknown; name = "Roboto-Light.ttf"; path = "../src/assets/fonts/Roboto-Light.ttf"; sourceTree = "<group>"; };
		13B07F961A680F5B00A75B9A /* DasIt.app */ = {isa = PBXFileReference; explicitFileType = wrapper.application; includeInIndex = 0; path = DasIt.app; sourceTree = BUILT_PRODUCTS_DIR; };
		13B07FAF1A68108700A75B9A /* AppDelegate.h */ = {isa = PBXFileReference; fileEncoding = 4; lastKnownFileType = sourcecode.c.h; name = AppDelegate.h; path = DasIt/AppDelegate.h; sourceTree = "<group>"; };
		13B07FB01A68108700A75B9A /* AppDelegate.m */ = {isa = PBXFileReference; fileEncoding = 4; lastKnownFileType = sourcecode.c.objc; name = AppDelegate.m; path = DasIt/AppDelegate.m; sourceTree = "<group>"; };
		13B07FB51A68108700A75B9A /* Images.xcassets */ = {isa = PBXFileReference; lastKnownFileType = folder.assetcatalog; name = Images.xcassets; path = DasIt/Images.xcassets; sourceTree = "<group>"; };
		13B07FB61A68108700A75B9A /* Info.plist */ = {isa = PBXFileReference; fileEncoding = 4; lastKnownFileType = text.plist.xml; name = Info.plist; path = DasIt/Info.plist; sourceTree = "<group>"; };
		13B07FB71A68108700A75B9A /* main.m */ = {isa = PBXFileReference; fileEncoding = 4; lastKnownFileType = sourcecode.c.objc; name = main.m; path = DasIt/main.m; sourceTree = "<group>"; };
		439339C036AD476CB9F32238 /* Roboto-Italic.ttf */ = {isa = PBXFileReference; explicitFileType = undefined; fileEncoding = undefined; includeInIndex = 0; lastKnownFileType = unknown; name = "Roboto-Italic.ttf"; path = "../src/assets/fonts/Roboto-Italic.ttf"; sourceTree = "<group>"; };
		44569F7391394755BFF8249A /* Roboto-MediumItalic.ttf */ = {isa = PBXFileReference; explicitFileType = undefined; fileEncoding = undefined; includeInIndex = 0; lastKnownFileType = unknown; name = "Roboto-MediumItalic.ttf"; path = "../src/assets/fonts/Roboto-MediumItalic.ttf"; sourceTree = "<group>"; };
		4557316629F0E4336882174E /* Pods-DasIt-DasItTests.release.xcconfig */ = {isa = PBXFileReference; includeInIndex = 1; lastKnownFileType = text.xcconfig; name = "Pods-DasIt-DasItTests.release.xcconfig"; path = "Target Support Files/Pods-DasIt-DasItTests/Pods-DasIt-DasItTests.release.xcconfig"; sourceTree = "<group>"; };
		5A21EB79224D271456BA7B87 /* Pods-DasIt.release.xcconfig */ = {isa = PBXFileReference; includeInIndex = 1; lastKnownFileType = text.xcconfig; name = "Pods-DasIt.release.xcconfig"; path = "Target Support Files/Pods-DasIt/Pods-DasIt.release.xcconfig"; sourceTree = "<group>"; };
		81AB9BB72411601600AC10FF /* LaunchScreen.storyboard */ = {isa = PBXFileReference; fileEncoding = 4; lastKnownFileType = file.storyboard; name = LaunchScreen.storyboard; path = DasIt/LaunchScreen.storyboard; sourceTree = "<group>"; };
		88CFAEB9BCF74D4D950EA6C2 /* Roboto-BlackItalic.ttf */ = {isa = PBXFileReference; explicitFileType = undefined; fileEncoding = undefined; includeInIndex = 0; lastKnownFileType = unknown; name = "Roboto-BlackItalic.ttf"; path = "../src/assets/fonts/Roboto-BlackItalic.ttf"; sourceTree = "<group>"; };
		8F7D10D7C0327E3F02C0CE37 /* Pods-DasIt-DasItTests.debug.xcconfig */ = {isa = PBXFileReference; includeInIndex = 1; lastKnownFileType = text.xcconfig; name = "Pods-DasIt-DasItTests.debug.xcconfig"; path = "Target Support Files/Pods-DasIt-DasItTests/Pods-DasIt-DasItTests.debug.xcconfig"; sourceTree = "<group>"; };
		9A07D4C8AD8F4E6FB46105E2 /* Roboto-Bold.ttf */ = {isa = PBXFileReference; explicitFileType = undefined; fileEncoding = undefined; includeInIndex = 0; lastKnownFileType = unknown; name = "Roboto-Bold.ttf"; path = "../src/assets/fonts/Roboto-Bold.ttf"; sourceTree = "<group>"; };
		AE752B5AFDF44D978153253C /* Roboto-Medium.ttf */ = {isa = PBXFileReference; explicitFileType = undefined; fileEncoding = undefined; includeInIndex = 0; lastKnownFileType = unknown; name = "Roboto-Medium.ttf"; path = "../src/assets/fonts/Roboto-Medium.ttf"; sourceTree = "<group>"; };
		CD4AD403383D433341FCD9D4 /* libPods-DasIt-DasItTests.a */ = {isa = PBXFileReference; explicitFileType = archive.ar; includeInIndex = 0; path = "libPods-DasIt-DasItTests.a"; sourceTree = BUILT_PRODUCTS_DIR; };
		CF0DC1D1A93F4B4196D2F5DB /* Roboto-BoldItalic.ttf */ = {isa = PBXFileReference; explicitFileType = undefined; fileEncoding = undefined; includeInIndex = 0; lastKnownFileType = unknown; name = "Roboto-BoldItalic.ttf"; path = "../src/assets/fonts/Roboto-BoldItalic.ttf"; sourceTree = "<group>"; };
		D878E192EFF0F1CC59D17F40 /* libPods-DasIt.a */ = {isa = PBXFileReference; explicitFileType = archive.ar; includeInIndex = 0; path = "libPods-DasIt.a"; sourceTree = BUILT_PRODUCTS_DIR; };
		E134E45278A94FA288F749C1 /* Roboto-Regular.ttf */ = {isa = PBXFileReference; explicitFileType = undefined; fileEncoding = undefined; includeInIndex = 0; lastKnownFileType = unknown; name = "Roboto-Regular.ttf"; path = "../src/assets/fonts/Roboto-Regular.ttf"; sourceTree = "<group>"; };
		E625066CD73441CDB41EFE99 /* Roboto-ThinItalic.ttf */ = {isa = PBXFileReference; explicitFileType = undefined; fileEncoding = undefined; includeInIndex = 0; lastKnownFileType = unknown; name = "Roboto-ThinItalic.ttf"; path = "../src/assets/fonts/Roboto-ThinItalic.ttf"; sourceTree = "<group>"; };
		EA206EB12A5FA95A0083E2C8 /* Fontisto.ttf */ = {isa = PBXFileReference; lastKnownFileType = file; path = Fontisto.ttf; sourceTree = "<group>"; };
		EA206EB22A5FA95A0083E2C8 /* Octicons.ttf */ = {isa = PBXFileReference; lastKnownFileType = file; path = Octicons.ttf; sourceTree = "<group>"; };
		EA206EB32A5FA95A0083E2C8 /* Feather.ttf */ = {isa = PBXFileReference; lastKnownFileType = file; path = Feather.ttf; sourceTree = "<group>"; };
		EA206EB42A5FA95A0083E2C8 /* Entypo.ttf */ = {isa = PBXFileReference; lastKnownFileType = file; path = Entypo.ttf; sourceTree = "<group>"; };
		EA206EB52A5FA95A0083E2C8 /* FontAwesome5_Brands.ttf */ = {isa = PBXFileReference; lastKnownFileType = file; path = FontAwesome5_Brands.ttf; sourceTree = "<group>"; };
		EA206EB62A5FA95A0083E2C8 /* MaterialCommunityIcons.ttf */ = {isa = PBXFileReference; lastKnownFileType = file; path = MaterialCommunityIcons.ttf; sourceTree = "<group>"; };
		EA206EB72A5FA95A0083E2C8 /* AntDesign.ttf */ = {isa = PBXFileReference; lastKnownFileType = file; path = AntDesign.ttf; sourceTree = "<group>"; };
		EA206EB82A5FA95A0083E2C8 /* Foundation.ttf */ = {isa = PBXFileReference; lastKnownFileType = file; path = Foundation.ttf; sourceTree = "<group>"; };
		EA206EB92A5FA95A0083E2C8 /* Ionicons.ttf */ = {isa = PBXFileReference; lastKnownFileType = file; path = Ionicons.ttf; sourceTree = "<group>"; };
		EA206EBA2A5FA95A0083E2C8 /* FontAwesome5_Solid.ttf */ = {isa = PBXFileReference; lastKnownFileType = file; path = FontAwesome5_Solid.ttf; sourceTree = "<group>"; };
		EA206EBB2A5FA95A0083E2C8 /* FontAwesome5_Regular.ttf */ = {isa = PBXFileReference; lastKnownFileType = file; path = FontAwesome5_Regular.ttf; sourceTree = "<group>"; };
		EA206EBC2A5FA95A0083E2C8 /* FontAwesome.ttf */ = {isa = PBXFileReference; lastKnownFileType = file; path = FontAwesome.ttf; sourceTree = "<group>"; };
		EA206EBD2A5FA95A0083E2C8 /* Zocial.ttf */ = {isa = PBXFileReference; lastKnownFileType = file; path = Zocial.ttf; sourceTree = "<group>"; };
		EA206EBE2A5FA95A0083E2C8 /* EvilIcons.ttf */ = {isa = PBXFileReference; lastKnownFileType = file; path = EvilIcons.ttf; sourceTree = "<group>"; };
		EA206EBF2A5FA95A0083E2C8 /* SimpleLineIcons.ttf */ = {isa = PBXFileReference; lastKnownFileType = file; path = SimpleLineIcons.ttf; sourceTree = "<group>"; };
		EA206EC02A5FA95A0083E2C8 /* MaterialIcons.ttf */ = {isa = PBXFileReference; lastKnownFileType = file; path = MaterialIcons.ttf; sourceTree = "<group>"; };
		EBFDF054E0EA4F1482B71225 /* Roboto-Thin.ttf */ = {isa = PBXFileReference; explicitFileType = undefined; fileEncoding = undefined; includeInIndex = 0; lastKnownFileType = unknown; name = "Roboto-Thin.ttf"; path = "../src/assets/fonts/Roboto-Thin.ttf"; sourceTree = "<group>"; };
		ED297162215061F000B7C4FE /* JavaScriptCore.framework */ = {isa = PBXFileReference; lastKnownFileType = wrapper.framework; name = JavaScriptCore.framework; path = System/Library/Frameworks/JavaScriptCore.framework; sourceTree = SDKROOT; };
		F55C843FDB56475095FA5A84 /* Roboto-Black.ttf */ = {isa = PBXFileReference; explicitFileType = undefined; fileEncoding = undefined; includeInIndex = 0; lastKnownFileType = unknown; name = "Roboto-Black.ttf"; path = "../src/assets/fonts/Roboto-Black.ttf"; sourceTree = "<group>"; };
		F5F371116C9D4C8BAB022927 /* Roboto-LightItalic.ttf */ = {isa = PBXFileReference; explicitFileType = undefined; fileEncoding = undefined; includeInIndex = 0; lastKnownFileType = unknown; name = "Roboto-LightItalic.ttf"; path = "../src/assets/fonts/Roboto-LightItalic.ttf"; sourceTree = "<group>"; };
/* End PBXFileReference section */

/* Begin PBXFrameworksBuildPhase section */
		00E356EB1AD99517003FC87E /* Frameworks */ = {
			isa = PBXFrameworksBuildPhase;
			buildActionMask = 2147483647;
			files = (
				EEA3CB1F7CC662E86512D5FE /* libPods-DasIt-DasItTests.a in Frameworks */,
			);
			runOnlyForDeploymentPostprocessing = 0;
		};
		13B07F8C1A680F5B00A75B9A /* Frameworks */ = {
			isa = PBXFrameworksBuildPhase;
			buildActionMask = 2147483647;
			files = (
				21EC270C06F6CAA67D309F39 /* libPods-DasIt.a in Frameworks */,
			);
			runOnlyForDeploymentPostprocessing = 0;
		};
/* End PBXFrameworksBuildPhase section */

/* Begin PBXGroup section */
		00E356EF1AD99517003FC87E /* DasItTests */ = {
			isa = PBXGroup;
			children = (
				00E356F21AD99517003FC87E /* DasItTests.m */,
				00E356F01AD99517003FC87E /* Supporting Files */,
			);
			path = DasItTests;
			sourceTree = "<group>";
		};
		00E356F01AD99517003FC87E /* Supporting Files */ = {
			isa = PBXGroup;
			children = (
				00E356F11AD99517003FC87E /* Info.plist */,
			);
			name = "Supporting Files";
			sourceTree = "<group>";
		};
		13B07FAE1A68108700A75B9A /* DasIt */ = {
			isa = PBXGroup;
			children = (
				EA206EB02A5FA95A0083E2C8 /* Fonts */,
				13B07FAF1A68108700A75B9A /* AppDelegate.h */,
				13B07FB01A68108700A75B9A /* AppDelegate.m */,
				13B07FB51A68108700A75B9A /* Images.xcassets */,
				13B07FB61A68108700A75B9A /* Info.plist */,
				81AB9BB72411601600AC10FF /* LaunchScreen.storyboard */,
				13B07FB71A68108700A75B9A /* main.m */,
			);
			name = DasIt;
			sourceTree = "<group>";
		};
		2D16E6871FA4F8E400B85C8A /* Frameworks */ = {
			isa = PBXGroup;
			children = (
				ED297162215061F000B7C4FE /* JavaScriptCore.framework */,
				D878E192EFF0F1CC59D17F40 /* libPods-DasIt.a */,
				CD4AD403383D433341FCD9D4 /* libPods-DasIt-DasItTests.a */,
			);
			name = Frameworks;
			sourceTree = "<group>";
		};
		832341AE1AAA6A7D00B99B32 /* Libraries */ = {
			isa = PBXGroup;
			children = (
			);
			name = Libraries;
			sourceTree = "<group>";
		};
		83CBB9F61A601CBA00E9B192 = {
			isa = PBXGroup;
			children = (
				13B07FAE1A68108700A75B9A /* DasIt */,
				832341AE1AAA6A7D00B99B32 /* Libraries */,
				00E356EF1AD99517003FC87E /* DasItTests */,
				83CBBA001A601CBA00E9B192 /* Products */,
				2D16E6871FA4F8E400B85C8A /* Frameworks */,
				FBAD6CA1AE4EAF418BDD0303 /* Pods */,
				C91043D1CDCA4044AB6422DE /* Resources */,
			);
			indentWidth = 2;
			sourceTree = "<group>";
			tabWidth = 2;
			usesTabs = 0;
		};
		83CBBA001A601CBA00E9B192 /* Products */ = {
			isa = PBXGroup;
			children = (
				13B07F961A680F5B00A75B9A /* DasIt.app */,
				00E356EE1AD99517003FC87E /* DasItTests.xctest */,
			);
			name = Products;
			sourceTree = "<group>";
		};
		C91043D1CDCA4044AB6422DE /* Resources */ = {
			isa = PBXGroup;
			children = (
				099942C4451C410286E8633B /* FrankRuhlLibre-VariableFont_wght.ttf */,
				F55C843FDB56475095FA5A84 /* Roboto-Black.ttf */,
				88CFAEB9BCF74D4D950EA6C2 /* Roboto-BlackItalic.ttf */,
				9A07D4C8AD8F4E6FB46105E2 /* Roboto-Bold.ttf */,
				CF0DC1D1A93F4B4196D2F5DB /* Roboto-BoldItalic.ttf */,
				439339C036AD476CB9F32238 /* Roboto-Italic.ttf */,
				0DF8F5B56D4043BA8852F310 /* Roboto-Light.ttf */,
				F5F371116C9D4C8BAB022927 /* Roboto-LightItalic.ttf */,
				AE752B5AFDF44D978153253C /* Roboto-Medium.ttf */,
				44569F7391394755BFF8249A /* Roboto-MediumItalic.ttf */,
				E134E45278A94FA288F749C1 /* Roboto-Regular.ttf */,
				EBFDF054E0EA4F1482B71225 /* Roboto-Thin.ttf */,
				E625066CD73441CDB41EFE99 /* Roboto-ThinItalic.ttf */,
			);
			name = Resources;
			sourceTree = "<group>";
		};
		EA206EB02A5FA95A0083E2C8 /* Fonts */ = {
			isa = PBXGroup;
			children = (
				EA206EB12A5FA95A0083E2C8 /* Fontisto.ttf */,
				EA206EB22A5FA95A0083E2C8 /* Octicons.ttf */,
				EA206EB32A5FA95A0083E2C8 /* Feather.ttf */,
				EA206EB42A5FA95A0083E2C8 /* Entypo.ttf */,
				EA206EB52A5FA95A0083E2C8 /* FontAwesome5_Brands.ttf */,
				EA206EB62A5FA95A0083E2C8 /* MaterialCommunityIcons.ttf */,
				EA206EB72A5FA95A0083E2C8 /* AntDesign.ttf */,
				EA206EB82A5FA95A0083E2C8 /* Foundation.ttf */,
				EA206EB92A5FA95A0083E2C8 /* Ionicons.ttf */,
				EA206EBA2A5FA95A0083E2C8 /* FontAwesome5_Solid.ttf */,
				EA206EBB2A5FA95A0083E2C8 /* FontAwesome5_Regular.ttf */,
				EA206EBC2A5FA95A0083E2C8 /* FontAwesome.ttf */,
				EA206EBD2A5FA95A0083E2C8 /* Zocial.ttf */,
				EA206EBE2A5FA95A0083E2C8 /* EvilIcons.ttf */,
				EA206EBF2A5FA95A0083E2C8 /* SimpleLineIcons.ttf */,
				EA206EC02A5FA95A0083E2C8 /* MaterialIcons.ttf */,
			);
			name = Fonts;
			path = "../node_modules/react-native-vector-icons/Fonts";
			sourceTree = "<group>";
		};
		FBAD6CA1AE4EAF418BDD0303 /* Pods */ = {
			isa = PBXGroup;
			children = (
				0A61CD8D8154120893782215 /* Pods-DasIt.debug.xcconfig */,
				5A21EB79224D271456BA7B87 /* Pods-DasIt.release.xcconfig */,
				8F7D10D7C0327E3F02C0CE37 /* Pods-DasIt-DasItTests.debug.xcconfig */,
				4557316629F0E4336882174E /* Pods-DasIt-DasItTests.release.xcconfig */,
			);
			path = Pods;
			sourceTree = "<group>";
		};
/* End PBXGroup section */

/* Begin PBXNativeTarget section */
		00E356ED1AD99517003FC87E /* DasItTests */ = {
			isa = PBXNativeTarget;
			buildConfigurationList = 00E357021AD99517003FC87E /* Build configuration list for PBXNativeTarget "DasItTests" */;
			buildPhases = (
				A4C1E48CF8927F0947F0C53C /* [CP] Check Pods Manifest.lock */,
				00E356EA1AD99517003FC87E /* Sources */,
				00E356EB1AD99517003FC87E /* Frameworks */,
				00E356EC1AD99517003FC87E /* Resources */,
				71C87252779EB32267EF3A51 /* [CP] Embed Pods Frameworks */,
				C6B101F5FC465B4E6C67368D /* [CP] Copy Pods Resources */,
			);
			buildRules = (
			);
			dependencies = (
				00E356F51AD99517003FC87E /* PBXTargetDependency */,
			);
			name = DasItTests;
			productName = DasItTests;
			productReference = 00E356EE1AD99517003FC87E /* DasItTests.xctest */;
			productType = "com.apple.product-type.bundle.unit-test";
		};
		13B07F861A680F5B00A75B9A /* DasIt */ = {
			isa = PBXNativeTarget;
			buildConfigurationList = 13B07F931A680F5B00A75B9A /* Build configuration list for PBXNativeTarget "DasIt" */;
			buildPhases = (
				447B10B4433FEBF0F3C19BD2 /* [CP] Check Pods Manifest.lock */,
				FD10A7F022414F080027D42C /* Start Packager */,
				13B07F871A680F5B00A75B9A /* Sources */,
				13B07F8C1A680F5B00A75B9A /* Frameworks */,
				13B07F8E1A680F5B00A75B9A /* Resources */,
				00DD1BFF1BD5951E006B06BC /* Bundle React Native code and images */,
				422104AF9235BD4F4E220A5E /* [CP] Embed Pods Frameworks */,
				2ECD076E99B5CA9FBBB1CDC8 /* [CP] Copy Pods Resources */,
			);
			buildRules = (
			);
			dependencies = (
			);
			name = DasIt;
			productName = DasIt;
			productReference = 13B07F961A680F5B00A75B9A /* DasIt.app */;
			productType = "com.apple.product-type.application";
		};
/* End PBXNativeTarget section */

/* Begin PBXProject section */
		83CBB9F71A601CBA00E9B192 /* Project object */ = {
			isa = PBXProject;
			attributes = {
				LastUpgradeCheck = 1210;
				TargetAttributes = {
					00E356ED1AD99517003FC87E = {
						CreatedOnToolsVersion = 6.2;
						TestTargetID = 13B07F861A680F5B00A75B9A;
					};
					13B07F861A680F5B00A75B9A = {
						LastSwiftMigration = 1120;
					};
				};
			};
			buildConfigurationList = 83CBB9FA1A601CBA00E9B192 /* Build configuration list for PBXProject "DasIt" */;
			compatibilityVersion = "Xcode 12.0";
			developmentRegion = en;
			hasScannedForEncodings = 0;
			knownRegions = (
				en,
				Base,
			);
			mainGroup = 83CBB9F61A601CBA00E9B192;
			productRefGroup = 83CBBA001A601CBA00E9B192 /* Products */;
			projectDirPath = "";
			projectRoot = "";
			targets = (
				13B07F861A680F5B00A75B9A /* DasIt */,
				00E356ED1AD99517003FC87E /* DasItTests */,
			);
		};
/* End PBXProject section */

/* Begin PBXResourcesBuildPhase section */
		00E356EC1AD99517003FC87E /* Resources */ = {
			isa = PBXResourcesBuildPhase;
			buildActionMask = 2147483647;
			files = (
			);
			runOnlyForDeploymentPostprocessing = 0;
		};
		13B07F8E1A680F5B00A75B9A /* Resources */ = {
			isa = PBXResourcesBuildPhase;
			buildActionMask = 2147483647;
			files = (
				EA206EC22A5FA95A0083E2C8 /* Octicons.ttf in Resources */,
				EA206ECE2A5FA95A0083E2C8 /* EvilIcons.ttf in Resources */,
				EA206EC82A5FA95A0083E2C8 /* Foundation.ttf in Resources */,
				EA206EC42A5FA95A0083E2C8 /* Entypo.ttf in Resources */,
				EA206EC32A5FA95A0083E2C8 /* Feather.ttf in Resources */,
				EA206EC92A5FA95A0083E2C8 /* Ionicons.ttf in Resources */,
				EA206EC12A5FA95A0083E2C8 /* Fontisto.ttf in Resources */,
				81AB9BB82411601600AC10FF /* LaunchScreen.storyboard in Resources */,
				EA206ED02A5FA95A0083E2C8 /* MaterialIcons.ttf in Resources */,
				EA206EC52A5FA95A0083E2C8 /* FontAwesome5_Brands.ttf in Resources */,
				13B07FBF1A68108700A75B9A /* Images.xcassets in Resources */,
				EA206ECB2A5FA95A0083E2C8 /* FontAwesome5_Regular.ttf in Resources */,
				EA206ECC2A5FA95A0083E2C8 /* FontAwesome.ttf in Resources */,
				EA206EC62A5FA95A0083E2C8 /* MaterialCommunityIcons.ttf in Resources */,
				EA206ECD2A5FA95A0083E2C8 /* Zocial.ttf in Resources */,
				EA206EC72A5FA95A0083E2C8 /* AntDesign.ttf in Resources */,
				EA206ECA2A5FA95A0083E2C8 /* FontAwesome5_Solid.ttf in Resources */,
				EA206ECF2A5FA95A0083E2C8 /* SimpleLineIcons.ttf in Resources */,
				3CC9646AC83949EE81F8A01E /* FrankRuhlLibre-VariableFont_wght.ttf in Resources */,
				E5115E743DBC41409C0DE5A6 /* Roboto-Black.ttf in Resources */,
				7B588F713E9C431F869E50EA /* Roboto-BlackItalic.ttf in Resources */,
				E43A3CB5003D4F08BED136C8 /* Roboto-Bold.ttf in Resources */,
				639F3598022E4C448A0B28EA /* Roboto-BoldItalic.ttf in Resources */,
				CF91E27FAEA1496E8D6A3DC9 /* Roboto-Italic.ttf in Resources */,
				6B01F0E60711425CBE1AF632 /* Roboto-Light.ttf in Resources */,
				2ECC3F1F5485464AB8CA9F25 /* Roboto-LightItalic.ttf in Resources */,
				CFAF0F4233A740D5B334E570 /* Roboto-Medium.ttf in Resources */,
				CD151C51C4F74B3B9B88FEA3 /* Roboto-MediumItalic.ttf in Resources */,
				BC141BE351724E09A0470D9C /* Roboto-Regular.ttf in Resources */,
				8B9A9FC40DED4B6E8F6583D1 /* Roboto-Thin.ttf in Resources */,
				6446FD4C389E450EB3DB4FE7 /* Roboto-ThinItalic.ttf in Resources */,
			);
			runOnlyForDeploymentPostprocessing = 0;
		};
/* End PBXResourcesBuildPhase section */

/* Begin PBXShellScriptBuildPhase section */
		00DD1BFF1BD5951E006B06BC /* Bundle React Native code and images */ = {
			isa = PBXShellScriptBuildPhase;
			buildActionMask = 2147483647;
			files = (
			);
			inputPaths = (
			);
			name = "Bundle React Native code and images";
			outputPaths = (
			);
			runOnlyForDeploymentPostprocessing = 0;
			shellPath = /bin/sh;
			shellScript = "set -e\n\nexport NODE_BINARY=node\n../node_modules/react-native/scripts/react-native-xcode.sh\n";
		};
		2ECD076E99B5CA9FBBB1CDC8 /* [CP] Copy Pods Resources */ = {
			isa = PBXShellScriptBuildPhase;
			buildActionMask = 2147483647;
			files = (
			);
			inputFileListPaths = (
				"${PODS_ROOT}/Target Support Files/Pods-DasIt/Pods-DasIt-resources-${CONFIGURATION}-input-files.xcfilelist",
			);
			name = "[CP] Copy Pods Resources";
			outputFileListPaths = (
				"${PODS_ROOT}/Target Support Files/Pods-DasIt/Pods-DasIt-resources-${CONFIGURATION}-output-files.xcfilelist",
			);
			runOnlyForDeploymentPostprocessing = 0;
			shellPath = /bin/sh;
			shellScript = "\"${PODS_ROOT}/Target Support Files/Pods-DasIt/Pods-DasIt-resources.sh\"\n";
			showEnvVarsInLog = 0;
		};
		422104AF9235BD4F4E220A5E /* [CP] Embed Pods Frameworks */ = {
			isa = PBXShellScriptBuildPhase;
			buildActionMask = 2147483647;
			files = (
			);
			inputFileListPaths = (
				"${PODS_ROOT}/Target Support Files/Pods-DasIt/Pods-DasIt-frameworks-${CONFIGURATION}-input-files.xcfilelist",
			);
			name = "[CP] Embed Pods Frameworks";
			outputFileListPaths = (
				"${PODS_ROOT}/Target Support Files/Pods-DasIt/Pods-DasIt-frameworks-${CONFIGURATION}-output-files.xcfilelist",
			);
			runOnlyForDeploymentPostprocessing = 0;
			shellPath = /bin/sh;
			shellScript = "\"${PODS_ROOT}/Target Support Files/Pods-DasIt/Pods-DasIt-frameworks.sh\"\n";
			showEnvVarsInLog = 0;
		};
		447B10B4433FEBF0F3C19BD2 /* [CP] Check Pods Manifest.lock */ = {
			isa = PBXShellScriptBuildPhase;
			buildActionMask = 2147483647;
			files = (
			);
			inputFileListPaths = (
			);
			inputPaths = (
				"${PODS_PODFILE_DIR_PATH}/Podfile.lock",
				"${PODS_ROOT}/Manifest.lock",
			);
			name = "[CP] Check Pods Manifest.lock";
			outputFileListPaths = (
			);
			outputPaths = (
				"$(DERIVED_FILE_DIR)/Pods-DasIt-checkManifestLockResult.txt",
			);
			runOnlyForDeploymentPostprocessing = 0;
			shellPath = /bin/sh;
			shellScript = "diff \"${PODS_PODFILE_DIR_PATH}/Podfile.lock\" \"${PODS_ROOT}/Manifest.lock\" > /dev/null\nif [ $? != 0 ] ; then\n    # print error to STDERR\n    echo \"error: The sandbox is not in sync with the Podfile.lock. Run 'pod install' or update your CocoaPods installation.\" >&2\n    exit 1\nfi\n# This output is used by Xcode 'outputs' to avoid re-running this script phase.\necho \"SUCCESS\" > \"${SCRIPT_OUTPUT_FILE_0}\"\n";
			showEnvVarsInLog = 0;
		};
		71C87252779EB32267EF3A51 /* [CP] Embed Pods Frameworks */ = {
			isa = PBXShellScriptBuildPhase;
			buildActionMask = 2147483647;
			files = (
			);
			inputFileListPaths = (
				"${PODS_ROOT}/Target Support Files/Pods-DasIt-DasItTests/Pods-DasIt-DasItTests-frameworks-${CONFIGURATION}-input-files.xcfilelist",
			);
			name = "[CP] Embed Pods Frameworks";
			outputFileListPaths = (
				"${PODS_ROOT}/Target Support Files/Pods-DasIt-DasItTests/Pods-DasIt-DasItTests-frameworks-${CONFIGURATION}-output-files.xcfilelist",
			);
			runOnlyForDeploymentPostprocessing = 0;
			shellPath = /bin/sh;
			shellScript = "\"${PODS_ROOT}/Target Support Files/Pods-DasIt-DasItTests/Pods-DasIt-DasItTests-frameworks.sh\"\n";
			showEnvVarsInLog = 0;
		};
		A4C1E48CF8927F0947F0C53C /* [CP] Check Pods Manifest.lock */ = {
			isa = PBXShellScriptBuildPhase;
			buildActionMask = 2147483647;
			files = (
			);
			inputFileListPaths = (
			);
			inputPaths = (
				"${PODS_PODFILE_DIR_PATH}/Podfile.lock",
				"${PODS_ROOT}/Manifest.lock",
			);
			name = "[CP] Check Pods Manifest.lock";
			outputFileListPaths = (
			);
			outputPaths = (
				"$(DERIVED_FILE_DIR)/Pods-DasIt-DasItTests-checkManifestLockResult.txt",
			);
			runOnlyForDeploymentPostprocessing = 0;
			shellPath = /bin/sh;
			shellScript = "diff \"${PODS_PODFILE_DIR_PATH}/Podfile.lock\" \"${PODS_ROOT}/Manifest.lock\" > /dev/null\nif [ $? != 0 ] ; then\n    # print error to STDERR\n    echo \"error: The sandbox is not in sync with the Podfile.lock. Run 'pod install' or update your CocoaPods installation.\" >&2\n    exit 1\nfi\n# This output is used by Xcode 'outputs' to avoid re-running this script phase.\necho \"SUCCESS\" > \"${SCRIPT_OUTPUT_FILE_0}\"\n";
			showEnvVarsInLog = 0;
		};
		C6B101F5FC465B4E6C67368D /* [CP] Copy Pods Resources */ = {
			isa = PBXShellScriptBuildPhase;
			buildActionMask = 2147483647;
			files = (
			);
			inputFileListPaths = (
				"${PODS_ROOT}/Target Support Files/Pods-DasIt-DasItTests/Pods-DasIt-DasItTests-resources-${CONFIGURATION}-input-files.xcfilelist",
			);
			name = "[CP] Copy Pods Resources";
			outputFileListPaths = (
				"${PODS_ROOT}/Target Support Files/Pods-DasIt-DasItTests/Pods-DasIt-DasItTests-resources-${CONFIGURATION}-output-files.xcfilelist",
			);
			runOnlyForDeploymentPostprocessing = 0;
			shellPath = /bin/sh;
			shellScript = "\"${PODS_ROOT}/Target Support Files/Pods-DasIt-DasItTests/Pods-DasIt-DasItTests-resources.sh\"\n";
			showEnvVarsInLog = 0;
		};
		FD10A7F022414F080027D42C /* Start Packager */ = {
			isa = PBXShellScriptBuildPhase;
			buildActionMask = 2147483647;
			files = (
			);
			inputFileListPaths = (
			);
			inputPaths = (
			);
			name = "Start Packager";
			outputFileListPaths = (
			);
			outputPaths = (
			);
			runOnlyForDeploymentPostprocessing = 0;
			shellPath = /bin/sh;
			shellScript = "export RCT_METRO_PORT=\"${RCT_METRO_PORT:=8081}\"\necho \"export RCT_METRO_PORT=${RCT_METRO_PORT}\" > \"${SRCROOT}/../node_modules/react-native/scripts/.packager.env\"\nif [ -z \"${RCT_NO_LAUNCH_PACKAGER+xxx}\" ] ; then\n  if nc -w 5 -z localhost ${RCT_METRO_PORT} ; then\n    if ! curl -s \"http://localhost:${RCT_METRO_PORT}/status\" | grep -q \"packager-status:running\" ; then\n      echo \"Port ${RCT_METRO_PORT} already in use, packager is either not running or not running correctly\"\n      exit 2\n    fi\n  else\n    open \"$SRCROOT/../node_modules/react-native/scripts/launchPackager.command\" || echo \"Can't start packager automatically\"\n  fi\nfi\n";
			showEnvVarsInLog = 0;
		};
/* End PBXShellScriptBuildPhase section */

/* Begin PBXSourcesBuildPhase section */
		00E356EA1AD99517003FC87E /* Sources */ = {
			isa = PBXSourcesBuildPhase;
			buildActionMask = 2147483647;
			files = (
				00E356F31AD99517003FC87E /* DasItTests.m in Sources */,
			);
			runOnlyForDeploymentPostprocessing = 0;
		};
		13B07F871A680F5B00A75B9A /* Sources */ = {
			isa = PBXSourcesBuildPhase;
			buildActionMask = 2147483647;
			files = (
				13B07FBC1A68108700A75B9A /* AppDelegate.m in Sources */,
				13B07FC11A68108700A75B9A /* main.m in Sources */,
			);
			runOnlyForDeploymentPostprocessing = 0;
		};
/* End PBXSourcesBuildPhase section */

/* Begin PBXTargetDependency section */
		00E356F51AD99517003FC87E /* PBXTargetDependency */ = {
			isa = PBXTargetDependency;
			target = 13B07F861A680F5B00A75B9A /* DasIt */;
			targetProxy = 00E356F41AD99517003FC87E /* PBXContainerItemProxy */;
		};
/* End PBXTargetDependency section */

/* Begin XCBuildConfiguration section */
		00E356F61AD99517003FC87E /* Debug */ = {
			isa = XCBuildConfiguration;
			baseConfigurationReference = 8F7D10D7C0327E3F02C0CE37 /* Pods-DasIt-DasItTests.debug.xcconfig */;
			buildSettings = {
				BUNDLE_LOADER = "$(TEST_HOST)";
				GCC_PREPROCESSOR_DEFINITIONS = (
					"DEBUG=1",
					"$(inherited)",
				);
				INFOPLIST_FILE = DasItTests/Info.plist;
				IPHONEOS_DEPLOYMENT_TARGET = 11.0;
				LD_RUNPATH_SEARCH_PATHS = (
					"$(inherited)",
					"@executable_path/Frameworks",
					"@loader_path/Frameworks",
				);
				OTHER_LDFLAGS = (
					"-ObjC",
					"-lc++",
					"$(inherited)",
				);
				PRODUCT_BUNDLE_IDENTIFIER = "org.reactjs.native.example.$(PRODUCT_NAME:rfc1034identifier)";
				PRODUCT_NAME = "$(TARGET_NAME)";
				TEST_HOST = "$(BUILT_PRODUCTS_DIR)/DasIt.app/DasIt";
			};
			name = Debug;
		};
		00E356F71AD99517003FC87E /* Release */ = {
			isa = XCBuildConfiguration;
			baseConfigurationReference = 4557316629F0E4336882174E /* Pods-DasIt-DasItTests.release.xcconfig */;
			buildSettings = {
				BUNDLE_LOADER = "$(TEST_HOST)";
				COPY_PHASE_STRIP = NO;
				INFOPLIST_FILE = DasItTests/Info.plist;
				IPHONEOS_DEPLOYMENT_TARGET = 11.0;
				LD_RUNPATH_SEARCH_PATHS = (
					"$(inherited)",
					"@executable_path/Frameworks",
					"@loader_path/Frameworks",
				);
				OTHER_LDFLAGS = (
					"-ObjC",
					"-lc++",
					"$(inherited)",
				);
				PRODUCT_BUNDLE_IDENTIFIER = "org.reactjs.native.example.$(PRODUCT_NAME:rfc1034identifier)";
				PRODUCT_NAME = "$(TARGET_NAME)";
				TEST_HOST = "$(BUILT_PRODUCTS_DIR)/DasIt.app/DasIt";
			};
			name = Release;
		};
		13B07F941A680F5B00A75B9A /* Debug */ = {
			isa = XCBuildConfiguration;
			baseConfigurationReference = 0A61CD8D8154120893782215 /* Pods-DasIt.debug.xcconfig */;
			buildSettings = {
				ASSETCATALOG_COMPILER_APPICON_NAME = AppIcon;
				CLANG_ENABLE_MODULES = YES;
				CURRENT_PROJECT_VERSION = 1;
				ENABLE_BITCODE = NO;
				INFOPLIST_FILE = DasIt/Info.plist;
				LD_RUNPATH_SEARCH_PATHS = (
					"$(inherited)",
					"@executable_path/Frameworks",
				);
				OTHER_LDFLAGS = (
					"$(inherited)",
					"-ObjC",
					"-lc++",
				);
				PRODUCT_BUNDLE_IDENTIFIER = "org.reactjs.native.example.$(PRODUCT_NAME:rfc1034identifier)";
				PRODUCT_NAME = DasIt;
				SWIFT_OPTIMIZATION_LEVEL = "-Onone";
				SWIFT_VERSION = 5.0;
				VERSIONING_SYSTEM = "apple-generic";
			};
			name = Debug;
		};
		13B07F951A680F5B00A75B9A /* Release */ = {
			isa = XCBuildConfiguration;
			baseConfigurationReference = 5A21EB79224D271456BA7B87 /* Pods-DasIt.release.xcconfig */;
			buildSettings = {
				ASSETCATALOG_COMPILER_APPICON_NAME = AppIcon;
				CLANG_ENABLE_MODULES = YES;
				CURRENT_PROJECT_VERSION = 1;
				INFOPLIST_FILE = DasIt/Info.plist;
				LD_RUNPATH_SEARCH_PATHS = (
					"$(inherited)",
					"@executable_path/Frameworks",
				);
				OTHER_LDFLAGS = (
					"$(inherited)",
					"-ObjC",
					"-lc++",
				);
				PRODUCT_BUNDLE_IDENTIFIER = "org.reactjs.native.example.$(PRODUCT_NAME:rfc1034identifier)";
				PRODUCT_NAME = DasIt;
				SWIFT_VERSION = 5.0;
				VERSIONING_SYSTEM = "apple-generic";
			};
			name = Release;
		};
		83CBBA201A601CBA00E9B192 /* Debug */ = {
			isa = XCBuildConfiguration;
			buildSettings = {
				ALWAYS_SEARCH_USER_PATHS = NO;
				CLANG_ANALYZER_LOCALIZABILITY_NONLOCALIZED = YES;
				CLANG_CXX_LANGUAGE_STANDARD = "gnu++0x";
				CLANG_CXX_LIBRARY = "libc++";
				CLANG_ENABLE_MODULES = YES;
				CLANG_ENABLE_OBJC_ARC = YES;
				CLANG_WARN_BLOCK_CAPTURE_AUTORELEASING = YES;
				CLANG_WARN_BOOL_CONVERSION = YES;
				CLANG_WARN_COMMA = YES;
				CLANG_WARN_CONSTANT_CONVERSION = YES;
				CLANG_WARN_DEPRECATED_OBJC_IMPLEMENTATIONS = YES;
				CLANG_WARN_DIRECT_OBJC_ISA_USAGE = YES_ERROR;
				CLANG_WARN_EMPTY_BODY = YES;
				CLANG_WARN_ENUM_CONVERSION = YES;
				CLANG_WARN_INFINITE_RECURSION = YES;
				CLANG_WARN_INT_CONVERSION = YES;
				CLANG_WARN_NON_LITERAL_NULL_CONVERSION = YES;
				CLANG_WARN_OBJC_IMPLICIT_RETAIN_SELF = YES;
				CLANG_WARN_OBJC_LITERAL_CONVERSION = YES;
				CLANG_WARN_OBJC_ROOT_CLASS = YES_ERROR;
				CLANG_WARN_QUOTED_INCLUDE_IN_FRAMEWORK_HEADER = YES;
				CLANG_WARN_RANGE_LOOP_ANALYSIS = YES;
				CLANG_WARN_STRICT_PROTOTYPES = YES;
				CLANG_WARN_SUSPICIOUS_MOVE = YES;
				CLANG_WARN_UNREACHABLE_CODE = YES;
				CLANG_WARN__DUPLICATE_METHOD_MATCH = YES;
				"CODE_SIGN_IDENTITY[sdk=iphoneos*]" = "iPhone Developer";
				COPY_PHASE_STRIP = NO;
				ENABLE_STRICT_OBJC_MSGSEND = YES;
				ENABLE_TESTABILITY = YES;
				"EXCLUDED_ARCHS[sdk=iphonesimulator*]" = "";
				GCC_C_LANGUAGE_STANDARD = gnu99;
				GCC_DYNAMIC_NO_PIC = NO;
				GCC_NO_COMMON_BLOCKS = YES;
				GCC_OPTIMIZATION_LEVEL = 0;
				GCC_PREPROCESSOR_DEFINITIONS = (
					"DEBUG=1",
					"$(inherited)",
				);
				GCC_SYMBOLS_PRIVATE_EXTERN = NO;
				GCC_WARN_64_TO_32_BIT_CONVERSION = YES;
				GCC_WARN_ABOUT_RETURN_TYPE = YES_ERROR;
				GCC_WARN_UNDECLARED_SELECTOR = YES;
				GCC_WARN_UNINITIALIZED_AUTOS = YES_AGGRESSIVE;
				GCC_WARN_UNUSED_FUNCTION = YES;
				GCC_WARN_UNUSED_VARIABLE = YES;
				IPHONEOS_DEPLOYMENT_TARGET = 11.0;
				LD_RUNPATH_SEARCH_PATHS = (
					/usr/lib/swift,
					"$(inherited)",
				);
				LIBRARY_SEARCH_PATHS = (
					"\"$(SDKROOT)/usr/lib/swift\"",
					"\"$(TOOLCHAIN_DIR)/usr/lib/swift/$(PLATFORM_NAME)\"",
					"\"$(TOOLCHAIN_DIR)/usr/lib/swift-5.0/$(PLATFORM_NAME)\"",
					"\"$(inherited)\"",
				);
				MTL_ENABLE_DEBUG_INFO = YES;
				ONLY_ACTIVE_ARCH = YES;
				SDKROOT = iphoneos;
			};
			name = Debug;
		};
		83CBBA211A601CBA00E9B192 /* Release */ = {
			isa = XCBuildConfiguration;
			buildSettings = {
				ALWAYS_SEARCH_USER_PATHS = NO;
				CLANG_ANALYZER_LOCALIZABILITY_NONLOCALIZED = YES;
				CLANG_CXX_LANGUAGE_STANDARD = "gnu++0x";
				CLANG_CXX_LIBRARY = "libc++";
				CLANG_ENABLE_MODULES = YES;
				CLANG_ENABLE_OBJC_ARC = YES;
				CLANG_WARN_BLOCK_CAPTURE_AUTORELEASING = YES;
				CLANG_WARN_BOOL_CONVERSION = YES;
				CLANG_WARN_COMMA = YES;
				CLANG_WARN_CONSTANT_CONVERSION = YES;
				CLANG_WARN_DEPRECATED_OBJC_IMPLEMENTATIONS = YES;
				CLANG_WARN_DIRECT_OBJC_ISA_USAGE = YES_ERROR;
				CLANG_WARN_EMPTY_BODY = YES;
				CLANG_WARN_ENUM_CONVERSION = YES;
				CLANG_WARN_INFINITE_RECURSION = YES;
				CLANG_WARN_INT_CONVERSION = YES;
				CLANG_WARN_NON_LITERAL_NULL_CONVERSION = YES;
				CLANG_WARN_OBJC_IMPLICIT_RETAIN_SELF = YES;
				CLANG_WARN_OBJC_LITERAL_CONVERSION = YES;
				CLANG_WARN_OBJC_ROOT_CLASS = YES_ERROR;
				CLANG_WARN_QUOTED_INCLUDE_IN_FRAMEWORK_HEADER = YES;
				CLANG_WARN_RANGE_LOOP_ANALYSIS = YES;
				CLANG_WARN_STRICT_PROTOTYPES = YES;
				CLANG_WARN_SUSPICIOUS_MOVE = YES;
				CLANG_WARN_UNREACHABLE_CODE = YES;
				CLANG_WARN__DUPLICATE_METHOD_MATCH = YES;
				"CODE_SIGN_IDENTITY[sdk=iphoneos*]" = "iPhone Developer";
				COPY_PHASE_STRIP = YES;
				ENABLE_NS_ASSERTIONS = NO;
				ENABLE_STRICT_OBJC_MSGSEND = YES;
				"EXCLUDED_ARCHS[sdk=iphonesimulator*]" = "";
				GCC_C_LANGUAGE_STANDARD = gnu99;
				GCC_NO_COMMON_BLOCKS = YES;
				GCC_WARN_64_TO_32_BIT_CONVERSION = YES;
				GCC_WARN_ABOUT_RETURN_TYPE = YES_ERROR;
				GCC_WARN_UNDECLARED_SELECTOR = YES;
				GCC_WARN_UNINITIALIZED_AUTOS = YES_AGGRESSIVE;
				GCC_WARN_UNUSED_FUNCTION = YES;
				GCC_WARN_UNUSED_VARIABLE = YES;
				IPHONEOS_DEPLOYMENT_TARGET = 11.0;
				LD_RUNPATH_SEARCH_PATHS = (
					/usr/lib/swift,
					"$(inherited)",
				);
				LIBRARY_SEARCH_PATHS = (
					"\"$(SDKROOT)/usr/lib/swift\"",
					"\"$(TOOLCHAIN_DIR)/usr/lib/swift/$(PLATFORM_NAME)\"",
					"\"$(TOOLCHAIN_DIR)/usr/lib/swift-5.0/$(PLATFORM_NAME)\"",
					"\"$(inherited)\"",
				);
				MTL_ENABLE_DEBUG_INFO = NO;
				SDKROOT = iphoneos;
				VALIDATE_PRODUCT = YES;
			};
			name = Release;
		};
/* End XCBuildConfiguration section */

/* Begin XCConfigurationList section */
		00E357021AD99517003FC87E /* Build configuration list for PBXNativeTarget "DasItTests" */ = {
			isa = XCConfigurationList;
			buildConfigurations = (
				00E356F61AD99517003FC87E /* Debug */,
				00E356F71AD99517003FC87E /* Release */,
			);
			defaultConfigurationIsVisible = 0;
			defaultConfigurationName = Release;
		};
		13B07F931A680F5B00A75B9A /* Build configuration list for PBXNativeTarget "DasIt" */ = {
			isa = XCConfigurationList;
			buildConfigurations = (
				13B07F941A680F5B00A75B9A /* Debug */,
				13B07F951A680F5B00A75B9A /* Release */,
			);
			defaultConfigurationIsVisible = 0;
			defaultConfigurationName = Release;
		};
		83CBB9FA1A601CBA00E9B192 /* Build configuration list for PBXProject "DasIt" */ = {
			isa = XCConfigurationList;
			buildConfigurations = (
				83CBBA201A601CBA00E9B192 /* Debug */,
				83CBBA211A601CBA00E9B192 /* Release */,
			);
			defaultConfigurationIsVisible = 0;
			defaultConfigurationName = Release;
		};
/* End XCConfigurationList section */
	};
	rootObject = 83CBB9F71A601CBA00E9B192 /* Project object */;
}
